// !$*UTF8*$!
{
	archiveVersion = 1;
	classes = {
	};
	objectVersion = 46;
	objects = {

/* Begin PBXBuildFile section */
		6F124C051C0B53390001E591 /* UIView+Frame.m in Sources */ = {isa = PBXBuildFile; fileRef = 6F124C041C0B53390001E591 /* UIView+Frame.m */; };
		6F8FB9F21C0B1DC500812CFC /* main.m in Sources */ = {isa = PBXBuildFile; fileRef = 6F8FB9F11C0B1DC500812CFC /* main.m */; };
		6F8FB9F51C0B1DC500812CFC /* AppDelegate.m in Sources */ = {isa = PBXBuildFile; fileRef = 6F8FB9F41C0B1DC500812CFC /* AppDelegate.m */; };
		6F8FB9FD1C0B1DC500812CFC /* Assets.xcassets in Resources */ = {isa = PBXBuildFile; fileRef = 6F8FB9FC1C0B1DC500812CFC /* Assets.xcassets */; };
		6F8FBA001C0B1DC500812CFC /* LaunchScreen.storyboard in Resources */ = {isa = PBXBuildFile; fileRef = 6F8FB9FE1C0B1DC500812CFC /* LaunchScreen.storyboard */; };
		6FF2BADD1C0B206C00C25931 /* XYTabBarController.m in Sources */ = {isa = PBXBuildFile; fileRef = 6FF2BADC1C0B206C00C25931 /* XYTabBarController.m */; };
		6FF2BAE01C0B218400C25931 /* UIImage+Image.m in Sources */ = {isa = PBXBuildFile; fileRef = 6FF2BADF1C0B218400C25931 /* UIImage+Image.m */; };
		6FF2BAE31C0B226A00C25931 /* UIColor+RandomColor.m in Sources */ = {isa = PBXBuildFile; fileRef = 6FF2BAE21C0B226A00C25931 /* UIColor+RandomColor.m */; };
		6FF2BAE81C0B322B00C25931 /* XYAdViewController.m in Sources */ = {isa = PBXBuildFile; fileRef = 6FF2BAE71C0B322B00C25931 /* XYAdViewController.m */; };
		6FF2BAEA1C0B32A700C25931 /* XYAdViewController.xib in Resources */ = {isa = PBXBuildFile; fileRef = 6FF2BAE91C0B32A700C25931 /* XYAdViewController.xib */; };
		6FF2BAF11C0B33F800C25931 /* LaunchImage-568h@2x.png in Resources */ = {isa = PBXBuildFile; fileRef = 6FF2BAEC1C0B33F800C25931 /* LaunchImage-568h@2x.png */; };
		6FF2BAF21C0B33F800C25931 /* LaunchImage-800-667h@2x.png in Resources */ = {isa = PBXBuildFile; fileRef = 6FF2BAED1C0B33F800C25931 /* LaunchImage-800-667h@2x.png */; };
		6FF2BAF31C0B33F800C25931 /* LaunchImage-800-Portrait-736h@3x.png in Resources */ = {isa = PBXBuildFile; fileRef = 6FF2BAEE1C0B33F800C25931 /* LaunchImage-800-Portrait-736h@3x.png */; };
		6FF2BAF41C0B33F800C25931 /* LaunchImage.png in Resources */ = {isa = PBXBuildFile; fileRef = 6FF2BAEF1C0B33F800C25931 /* LaunchImage.png */; };
		6FF2BAF51C0B33F800C25931 /* LaunchImage@2x.png in Resources */ = {isa = PBXBuildFile; fileRef = 6FF2BAF01C0B33F800C25931 /* LaunchImage@2x.png */; };
/* End PBXBuildFile section */

/* Begin PBXFileReference section */
		6F124C031C0B53390001E591 /* UIView+Frame.h */ = {isa = PBXFileReference; fileEncoding = 4; lastKnownFileType = sourcecode.c.h; path = "UIView+Frame.h"; sourceTree = "<group>"; };
		6F124C041C0B53390001E591 /* UIView+Frame.m */ = {isa = PBXFileReference; fileEncoding = 4; lastKnownFileType = sourcecode.c.objc; path = "UIView+Frame.m"; sourceTree = "<group>"; };
		6F13EA7C1C0B403A00810E0F /* BaisiBudejie.pch */ = {isa = PBXFileReference; lastKnownFileType = sourcecode.c.h; path = BaisiBudejie.pch; sourceTree = "<group>"; };
		6F8FB9ED1C0B1DC500812CFC /* BaisiBudejie.app */ = {isa = PBXFileReference; explicitFileType = wrapper.application; includeInIndex = 0; path = BaisiBudejie.app; sourceTree = BUILT_PRODUCTS_DIR; };
		6F8FB9F11C0B1DC500812CFC /* main.m */ = {isa = PBXFileReference; lastKnownFileType = sourcecode.c.objc; path = main.m; sourceTree = "<group>"; };
		6F8FB9F31C0B1DC500812CFC /* AppDelegate.h */ = {isa = PBXFileReference; lastKnownFileType = sourcecode.c.h; path = AppDelegate.h; sourceTree = "<group>"; };
		6F8FB9F41C0B1DC500812CFC /* AppDelegate.m */ = {isa = PBXFileReference; lastKnownFileType = sourcecode.c.objc; path = AppDelegate.m; sourceTree = "<group>"; };
		6F8FB9FC1C0B1DC500812CFC /* Assets.xcassets */ = {isa = PBXFileReference; lastKnownFileType = folder.assetcatalog; path = Assets.xcassets; sourceTree = "<group>"; };
		6F8FB9FF1C0B1DC500812CFC /* Base */ = {isa = PBXFileReference; lastKnownFileType = file.storyboard; name = Base; path = Base.lproj/LaunchScreen.storyboard; sourceTree = "<group>"; };
		6F8FBA011C0B1DC500812CFC /* Info.plist */ = {isa = PBXFileReference; lastKnownFileType = text.plist.xml; path = Info.plist; sourceTree = "<group>"; };
		6FF2BADB1C0B206C00C25931 /* XYTabBarController.h */ = {isa = PBXFileReference; fileEncoding = 4; lastKnownFileType = sourcecode.c.h; path = XYTabBarController.h; sourceTree = "<group>"; };
		6FF2BADC1C0B206C00C25931 /* XYTabBarController.m */ = {isa = PBXFileReference; fileEncoding = 4; lastKnownFileType = sourcecode.c.objc; path = XYTabBarController.m; sourceTree = "<group>"; };
		6FF2BADE1C0B218400C25931 /* UIImage+Image.h */ = {isa = PBXFileReference; fileEncoding = 4; lastKnownFileType = sourcecode.c.h; path = "UIImage+Image.h"; sourceTree = "<group>"; };
		6FF2BADF1C0B218400C25931 /* UIImage+Image.m */ = {isa = PBXFileReference; fileEncoding = 4; lastKnownFileType = sourcecode.c.objc; path = "UIImage+Image.m"; sourceTree = "<group>"; };
		6FF2BAE11C0B226A00C25931 /* UIColor+RandomColor.h */ = {isa = PBXFileReference; fileEncoding = 4; lastKnownFileType = sourcecode.c.h; path = "UIColor+RandomColor.h"; sourceTree = "<group>"; };
		6FF2BAE21C0B226A00C25931 /* UIColor+RandomColor.m */ = {isa = PBXFileReference; fileEncoding = 4; lastKnownFileType = sourcecode.c.objc; path = "UIColor+RandomColor.m"; sourceTree = "<group>"; };
		6FF2BAE61C0B322B00C25931 /* XYAdViewController.h */ = {isa = PBXFileReference; fileEncoding = 4; lastKnownFileType = sourcecode.c.h; path = XYAdViewController.h; sourceTree = "<group>"; };
		6FF2BAE71C0B322B00C25931 /* XYAdViewController.m */ = {isa = PBXFileReference; fileEncoding = 4; lastKnownFileType = sourcecode.c.objc; path = XYAdViewController.m; sourceTree = "<group>"; };
		6FF2BAE91C0B32A700C25931 /* XYAdViewController.xib */ = {isa = PBXFileReference; fileEncoding = 4; lastKnownFileType = file.xib; path = XYAdViewController.xib; sourceTree = "<group>"; };
		6FF2BAEC1C0B33F800C25931 /* LaunchImage-568h@2x.png */ = {isa = PBXFileReference; lastKnownFileType = image.png; path = "LaunchImage-568h@2x.png"; sourceTree = "<group>"; };
		6FF2BAED1C0B33F800C25931 /* LaunchImage-800-667h@2x.png */ = {isa = PBXFileReference; lastKnownFileType = image.png; path = "LaunchImage-800-667h@2x.png"; sourceTree = "<group>"; };
		6FF2BAEE1C0B33F800C25931 /* LaunchImage-800-Portrait-736h@3x.png */ = {isa = PBXFileReference; lastKnownFileType = image.png; path = "LaunchImage-800-Portrait-736h@3x.png"; sourceTree = "<group>"; };
		6FF2BAEF1C0B33F800C25931 /* LaunchImage.png */ = {isa = PBXFileReference; lastKnownFileType = image.png; path = LaunchImage.png; sourceTree = "<group>"; };
		6FF2BAF01C0B33F800C25931 /* LaunchImage@2x.png */ = {isa = PBXFileReference; lastKnownFileType = image.png; path = "LaunchImage@2x.png"; sourceTree = "<group>"; };
/* End PBXFileReference section */

/* Begin PBXFrameworksBuildPhase section */
		6F8FB9EA1C0B1DC500812CFC /* Frameworks */ = {
			isa = PBXFrameworksBuildPhase;
			buildActionMask = 2147483647;
			files = (
			);
			runOnlyForDeploymentPostprocessing = 0;
		};
/* End PBXFrameworksBuildPhase section */

/* Begin PBXGroup section */
		6F8FB9E41C0B1DC500812CFC = {
			isa = PBXGroup;
			children = (
				6F8FB9EF1C0B1DC500812CFC /* BaisiBudejie */,
				6F8FB9EE1C0B1DC500812CFC /* Products */,
			);
			sourceTree = "<group>";
		};
		6F8FB9EE1C0B1DC500812CFC /* Products */ = {
			isa = PBXGroup;
			children = (
				6F8FB9ED1C0B1DC500812CFC /* BaisiBudejie.app */,
			);
			name = Products;
			sourceTree = "<group>";
		};
		6F8FB9EF1C0B1DC500812CFC /* BaisiBudejie */ = {
			isa = PBXGroup;
			children = (
				6F8FB9F31C0B1DC500812CFC /* AppDelegate.h */,
				6F8FB9F41C0B1DC500812CFC /* AppDelegate.m */,
				6F8FB9FC1C0B1DC500812CFC /* Assets.xcassets */,
				6F8FB9FE1C0B1DC500812CFC /* LaunchScreen.storyboard */,
				6F8FBA011C0B1DC500812CFC /* Info.plist */,
				6FF2BADE1C0B218400C25931 /* UIImage+Image.h */,
				6FF2BADF1C0B218400C25931 /* UIImage+Image.m */,
				6FF2BAE11C0B226A00C25931 /* UIColor+RandomColor.h */,
				6FF2BAE21C0B226A00C25931 /* UIColor+RandomColor.m */,
				6F124C031C0B53390001E591 /* UIView+Frame.h */,
				6F124C041C0B53390001E591 /* UIView+Frame.m */,
				6F8FB9F01C0B1DC500812CFC /* Supporting Files */,
				6FF2BADB1C0B206C00C25931 /* XYTabBarController.h */,
				6FF2BADC1C0B206C00C25931 /* XYTabBarController.m */,
				6FF2BAE61C0B322B00C25931 /* XYAdViewController.h */,
				6FF2BAE71C0B322B00C25931 /* XYAdViewController.m */,
				6FF2BAE91C0B32A700C25931 /* XYAdViewController.xib */,
				6F13EA7C1C0B403A00810E0F /* BaisiBudejie.pch */,
			);
			path = BaisiBudejie;
			sourceTree = "<group>";
		};
		6F8FB9F01C0B1DC500812CFC /* Supporting Files */ = {
			isa = PBXGroup;
			children = (
				6FF2BAEB1C0B33F800C25931 /* AdBackground */,
				6F8FB9F11C0B1DC500812CFC /* main.m */,
			);
			name = "Supporting Files";
			sourceTree = "<group>";
		};
		6FF2BAEB1C0B33F800C25931 /* AdBackground */ = {
			isa = PBXGroup;
			children = (
				6FF2BAEC1C0B33F800C25931 /* LaunchImage-568h@2x.png */,
				6FF2BAED1C0B33F800C25931 /* LaunchImage-800-667h@2x.png */,
				6FF2BAEE1C0B33F800C25931 /* LaunchImage-800-Portrait-736h@3x.png */,
				6FF2BAEF1C0B33F800C25931 /* LaunchImage.png */,
				6FF2BAF01C0B33F800C25931 /* LaunchImage@2x.png */,
			);
			path = AdBackground;
			sourceTree = "<group>";
		};
/* End PBXGroup section */

/* Begin PBXNativeTarget section */
		6F8FB9EC1C0B1DC500812CFC /* BaisiBudejie */ = {
			isa = PBXNativeTarget;
			buildConfigurationList = 6F8FBA041C0B1DC500812CFC /* Build configuration list for PBXNativeTarget "BaisiBudejie" */;
			buildPhases = (
				6F8FB9E91C0B1DC500812CFC /* Sources */,
				6F8FB9EA1C0B1DC500812CFC /* Frameworks */,
				6F8FB9EB1C0B1DC500812CFC /* Resources */,
			);
			buildRules = (
			);
			dependencies = (
			);
			name = BaisiBudejie;
			productName = BaisiBudejie;
			productReference = 6F8FB9ED1C0B1DC500812CFC /* BaisiBudejie.app */;
			productType = "com.apple.product-type.application";
		};
/* End PBXNativeTarget section */

/* Begin PBXProject section */
		6F8FB9E51C0B1DC500812CFC /* Project object */ = {
			isa = PBXProject;
			attributes = {
				CLASSPREFIX = XY;
				LastUpgradeCheck = 0710;
				ORGANIZATIONNAME = "韩啸宇";
				TargetAttributes = {
					6F8FB9EC1C0B1DC500812CFC = {
						CreatedOnToolsVersion = 7.1;
						DevelopmentTeam = QEG8332KHT;
					};
				};
			};
			buildConfigurationList = 6F8FB9E81C0B1DC500812CFC /* Build configuration list for PBXProject "BaisiBudejie" */;
			compatibilityVersion = "Xcode 3.2";
			developmentRegion = English;
			hasScannedForEncodings = 0;
			knownRegions = (
				en,
				Base,
			);
			mainGroup = 6F8FB9E41C0B1DC500812CFC;
			productRefGroup = 6F8FB9EE1C0B1DC500812CFC /* Products */;
			projectDirPath = "";
			projectRoot = "";
			targets = (
				6F8FB9EC1C0B1DC500812CFC /* BaisiBudejie */,
			);
		};
/* End PBXProject section */

/* Begin PBXResourcesBuildPhase section */
		6F8FB9EB1C0B1DC500812CFC /* Resources */ = {
			isa = PBXResourcesBuildPhase;
			buildActionMask = 2147483647;
			files = (
				6FF2BAF21C0B33F800C25931 /* LaunchImage-800-667h@2x.png in Resources */,
				6F8FBA001C0B1DC500812CFC /* LaunchScreen.storyboard in Resources */,
				6F8FB9FD1C0B1DC500812CFC /* Assets.xcassets in Resources */,
				6FF2BAF41C0B33F800C25931 /* LaunchImage.png in Resources */,
				6FF2BAF11C0B33F800C25931 /* LaunchImage-568h@2x.png in Resources */,
				6FF2BAF51C0B33F800C25931 /* LaunchImage@2x.png in Resources */,
				6FF2BAF31C0B33F800C25931 /* LaunchImage-800-Portrait-736h@3x.png in Resources */,
				6FF2BAEA1C0B32A700C25931 /* XYAdViewController.xib in Resources */,
			);
			runOnlyForDeploymentPostprocessing = 0;
		};
/* End PBXResourcesBuildPhase section */

/* Begin PBXSourcesBuildPhase section */
		6F8FB9E91C0B1DC500812CFC /* Sources */ = {
			isa = PBXSourcesBuildPhase;
			buildActionMask = 2147483647;
			files = (
				6FF2BADD1C0B206C00C25931 /* XYTabBarController.m in Sources */,
				6FF2BAE31C0B226A00C25931 /* UIColor+RandomColor.m in Sources */,
				6FF2BAE81C0B322B00C25931 /* XYAdViewController.m in Sources */,
				6F124C051C0B53390001E591 /* UIView+Frame.m in Sources */,
				6FF2BAE01C0B218400C25931 /* UIImage+Image.m in Sources */,
				6F8FB9F51C0B1DC500812CFC /* AppDelegate.m in Sources */,
				6F8FB9F21C0B1DC500812CFC /* main.m in Sources */,
			);
			runOnlyForDeploymentPostprocessing = 0;
		};
/* End PBXSourcesBuildPhase section */

/* Begin PBXVariantGroup section */
		6F8FB9FE1C0B1DC500812CFC /* LaunchScreen.storyboard */ = {
			isa = PBXVariantGroup;
			children = (
				6F8FB9FF1C0B1DC500812CFC /* Base */,
			);
			name = LaunchScreen.storyboard;
			sourceTree = "<group>";
		};
/* End PBXVariantGroup section */

/* Begin XCBuildConfiguration section */
		6F8FBA021C0B1DC500812CFC /* Debug */ = {
			isa = XCBuildConfiguration;
			buildSettings = {
				ALWAYS_SEARCH_USER_PATHS = NO;
				CLANG_CXX_LANGUAGE_STANDARD = "gnu++0x";
				CLANG_CXX_LIBRARY = "libc++";
				CLANG_ENABLE_MODULES = YES;
				CLANG_ENABLE_OBJC_ARC = YES;
				CLANG_WARN_BOOL_CONVERSION = YES;
				CLANG_WARN_CONSTANT_CONVERSION = YES;
				CLANG_WARN_DIRECT_OBJC_ISA_USAGE = YES_ERROR;
				CLANG_WARN_EMPTY_BODY = YES;
				CLANG_WARN_ENUM_CONVERSION = YES;
				CLANG_WARN_INT_CONVERSION = YES;
				CLANG_WARN_OBJC_ROOT_CLASS = YES_ERROR;
				CLANG_WARN_UNREACHABLE_CODE = YES;
				CLANG_WARN__DUPLICATE_METHOD_MATCH = YES;
				"CODE_SIGN_IDENTITY[sdk=iphoneos*]" = "iPhone Developer";
				COPY_PHASE_STRIP = NO;
				DEBUG_INFORMATION_FORMAT = dwarf;
				ENABLE_STRICT_OBJC_MSGSEND = YES;
				ENABLE_TESTABILITY = YES;
				GCC_C_LANGUAGE_STANDARD = gnu99;
				GCC_DYNAMIC_NO_PIC = NO;
				GCC_NO_COMMON_BLOCKS = YES;
				GCC_OPTIMIZATION_LEVEL = 0;
				GCC_PREPROCESSOR_DEFINITIONS = (
					"DEBUG=1",
					"$(inherited)",
				);
				GCC_WARN_64_TO_32_BIT_CONVERSION = YES;
				GCC_WARN_ABOUT_RETURN_TYPE = YES_ERROR;
				GCC_WARN_UNDECLARED_SELECTOR = YES;
				GCC_WARN_UNINITIALIZED_AUTOS = YES_AGGRESSIVE;
				GCC_WARN_UNUSED_FUNCTION = YES;
				GCC_WARN_UNUSED_VARIABLE = YES;
				IPHONEOS_DEPLOYMENT_TARGET = 9.1;
				MTL_ENABLE_DEBUG_INFO = YES;
				ONLY_ACTIVE_ARCH = YES;
				SDKROOT = iphoneos;
			};
			name = Debug;
		};
		6F8FBA031C0B1DC500812CFC /* Release */ = {
			isa = XCBuildConfiguration;
			buildSettings = {
				ALWAYS_SEARCH_USER_PATHS = NO;
				CLANG_CXX_LANGUAGE_STANDARD = "gnu++0x";
				CLANG_CXX_LIBRARY = "libc++";
				CLANG_ENABLE_MODULES = YES;
				CLANG_ENABLE_OBJC_ARC = YES;
				CLANG_WARN_BOOL_CONVERSION = YES;
				CLANG_WARN_CONSTANT_CONVERSION = YES;
				CLANG_WARN_DIRECT_OBJC_ISA_USAGE = YES_ERROR;
				CLANG_WARN_EMPTY_BODY = YES;
				CLANG_WARN_ENUM_CONVERSION = YES;
				CLANG_WARN_INT_CONVERSION = YES;
				CLANG_WARN_OBJC_ROOT_CLASS = YES_ERROR;
				CLANG_WARN_UNREACHABLE_CODE = YES;
				CLANG_WARN__DUPLICATE_METHOD_MATCH = YES;
				"CODE_SIGN_IDENTITY[sdk=iphoneos*]" = "iPhone Developer";
				COPY_PHASE_STRIP = NO;
				DEBUG_INFORMATION_FORMAT = "dwarf-with-dsym";
				ENABLE_NS_ASSERTIONS = NO;
				ENABLE_STRICT_OBJC_MSGSEND = YES;
				GCC_C_LANGUAGE_STANDARD = gnu99;
				GCC_NO_COMMON_BLOCKS = YES;
				GCC_WARN_64_TO_32_BIT_CONVERSION = YES;
				GCC_WARN_ABOUT_RETURN_TYPE = YES_ERROR;
				GCC_WARN_UNDECLARED_SELECTOR = YES;
				GCC_WARN_UNINITIALIZED_AUTOS = YES_AGGRESSIVE;
				GCC_WARN_UNUSED_FUNCTION = YES;
				GCC_WARN_UNUSED_VARIABLE = YES;
				IPHONEOS_DEPLOYMENT_TARGET = 9.1;
				MTL_ENABLE_DEBUG_INFO = NO;
				SDKROOT = iphoneos;
				VALIDATE_PRODUCT = YES;
			};
			name = Release;
		};
		6F8FBA051C0B1DC500812CFC /* Debug */ = {
			isa = XCBuildConfiguration;
			buildSettings = {
				ASSETCATALOG_COMPILER_APPICON_NAME = AppIcon;
				ASSETCATALOG_COMPILER_LAUNCHIMAGE_NAME = "Brand Assets";
				GCC_PRECOMPILE_PREFIX_HEADER = YES;
				GCC_PREFIX_HEADER = BaisiBudejie/BaisiBudejie.pch;
				INFOPLIST_FILE = BaisiBudejie/Info.plist;
				LD_RUNPATH_SEARCH_PATHS = "$(inherited) @executable_path/Frameworks";
				PRODUCT_BUNDLE_IDENTIFIER = backy.BaisiBudejie;
				PRODUCT_NAME = "$(TARGET_NAME)";
			};
			name = Debug;
		};
		6F8FBA061C0B1DC500812CFC /* Release */ = {
			isa = XCBuildConfiguration;
			buildSettings = {
				ASSETCATALOG_COMPILER_APPICON_NAME = AppIcon;
				ASSETCATALOG_COMPILER_LAUNCHIMAGE_NAME = "Brand Assets";
				GCC_PRECOMPILE_PREFIX_HEADER = YES;
				GCC_PREFIX_HEADER = BaisiBudejie/BaisiBudejie.pch;
				INFOPLIST_FILE = BaisiBudejie/Info.plist;
				LD_RUNPATH_SEARCH_PATHS = "$(inherited) @executable_path/Frameworks";
				PRODUCT_BUNDLE_IDENTIFIER = backy.BaisiBudejie;
				PRODUCT_NAME = "$(TARGET_NAME)";
			};
			name = Release;
		};
/* End XCBuildConfiguration section */

/* Begin XCConfigurationList section */
		6F8FB9E81C0B1DC500812CFC /* Build configuration list for PBXProject "BaisiBudejie" */ = {
			isa = XCConfigurationList;
			buildConfigurations = (
				6F8FBA021C0B1DC500812CFC /* Debug */,
				6F8FBA031C0B1DC500812CFC /* Release */,
			);
			defaultConfigurationIsVisible = 0;
			defaultConfigurationName = Release;
		};
		6F8FBA041C0B1DC500812CFC /* Build configuration list for PBXNativeTarget "BaisiBudejie" */ = {
			isa = XCConfigurationList;
			buildConfigurations = (
				6F8FBA051C0B1DC500812CFC /* Debug */,
				6F8FBA061C0B1DC500812CFC /* Release */,
			);
			defaultConfigurationIsVisible = 0;
			defaultConfigurationName = Release;
		};
/* End XCConfigurationList section */
	};
	rootObject = 6F8FB9E51C0B1DC500812CFC /* Project object */;
}
